
Microsoft Visual Studio Solution File, Format Version 12.00
# Visual Studio Version 16
VisualStudioVersion = 16.0.29609.76
MinimumVisualStudioVersion = 10.0.40219.1
Project("{FAE04EC0-301F-11D3-BF4B-00C04F79EFBC}") = "Archimydes", "Archimydes\Archimydes.csproj", "{1042B9CB-E8B2-49E5-ABA6-64A89076F834}"
EndProject
Project("{FAE04EC0-301F-11D3-BF4B-00C04F79EFBC}") = "Archimydes.UnitTests", "Archimydes.UnitTests\Archimydes.UnitTests.csproj", "{328324D2-A2C3-41B2-A7E9-138015B97723}"
EndProject
Project("{FAE04EC0-301F-11D3-BF4B-00C04F79EFBC}") = "Archimydes.DataAccessLayer", "Archimydes.DataAccessLayer\Archimydes.DataAccessLayer.csproj", "{1B9C4864-E321-4B0E-93CE-6C14E2903374}"
EndProject
Global
	GlobalSection(SolutionConfigurationPlatforms) = preSolution
		Debug|Any CPU = Debug|Any CPU
		Release|Any CPU = Release|Any CPU
	EndGlobalSection
	GlobalSection(ProjectConfigurationPlatforms) = postSolution
		{1042B9CB-E8B2-49E5-ABA6-64A89076F834}.Debug|Any CPU.ActiveCfg = Debug|Any CPU
		{1042B9CB-E8B2-49E5-ABA6-64A89076F834}.Debug|Any CPU.Build.0 = Debug|Any CPU
		{1042B9CB-E8B2-49E5-ABA6-64A89076F834}.Release|Any CPU.ActiveCfg = Release|Any CPU
		{1042B9CB-E8B2-49E5-ABA6-64A89076F834}.Release|Any CPU.Build.0 = Release|Any CPU
		{328324D2-A2C3-41B2-A7E9-138015B97723}.Debug|Any CPU.ActiveCfg = Debug|Any CPU
		{328324D2-A2C3-41B2-A7E9-138015B97723}.Debug|Any CPU.Build.0 = Debug|Any CPU
		{328324D2-A2C3-41B2-A7E9-138015B97723}.Release|Any CPU.ActiveCfg = Release|Any CPU
		{328324D2-A2C3-41B2-A7E9-138015B97723}.Release|Any CPU.Build.0 = Release|Any CPU
		{1B9C4864-E321-4B0E-93CE-6C14E2903374}.Debug|Any CPU.ActiveCfg = Debug|Any CPU
		{1B9C4864-E321-4B0E-93CE-6C14E2903374}.Debug|Any CPU.Build.0 = Debug|Any CPU
		{1B9C4864-E321-4B0E-93CE-6C14E2903374}.Release|Any CPU.ActiveCfg = Release|Any CPU
		{1B9C4864-E321-4B0E-93CE-6C14E2903374}.Release|Any CPU.Build.0 = Release|Any CPU
	EndGlobalSection
	GlobalSection(SolutionProperties) = preSolution
		HideSolutionNode = FALSE
	EndGlobalSection
	GlobalSection(ExtensibilityGlobals) = postSolution
		SolutionGuid = {DD4B2509-994B-495B-A90A-538A754D06A4}
	EndGlobalSection
EndGlobal
